
Microsoft Visual Studio Solution File, Format Version 12.00
# Visual Studio 15
VisualStudioVersion = 15.0.26730.10
MinimumVisualStudioVersion = 10.0.40219.1
Project("{2150E333-8FDC-42A3-9474-1A3956D46DE8}") = "Configuration", "Configuration", "{F347A85D-6FF5-4927-B5CF-54D81954E6A2}"
	ProjectSection(SolutionItems) = preProject
		.gitattributes = .gitattributes
		.gitignore = .gitignore
		scripts\applytransform.targets = scripts\applytransform.targets
		gulp-config.js = gulp-config.js
		gulpfile.js = gulpfile.js
		LICENSE = LICENSE
		package.json = package.json
		package.xml = package.xml
		publishsettings.targets = publishsettings.targets
		README.md = README.md
		WebEssentials2015-Settings.json = WebEssentials2015-Settings.json
		src\Project\Habitat\code\App_Config\Include\Project\z.Habitat.DevSettings.config = src\Project\Habitat\code\App_Config\Include\Project\z.Habitat.DevSettings.config
	EndProjectSection
EndProject

Global
	GlobalSection(SolutionProperties) = preSolution
		HideSolutionNode = FALSE
	EndGlobalSection
	GlobalSection(ExtensibilityGlobals) = postSolution
		SolutionGuid = {5411A3D2-2E20-4A4B-AE11-1DE641858B08}
	EndGlobalSection
EndGlobal
